
Microsoft Visual Studio Solution File, Format Version 12.00
# Visual Studio 2012
Project("{FAE04EC0-301F-11D3-BF4B-00C04F79EFBC}") = "EventCollector", "EventCollector\EventCollector.csproj", "{464FCF94-4D13-4124-A6AF-868BB1F938E4}"
EndProject
Project("{FAE04EC0-301F-11D3-BF4B-00C04F79EFBC}") = "EventCollectorTest", "EventCollectorTest\EventCollectorTest.csproj", "{D32A2F70-FDF8-4417-8A18-1015AAFFC620}"
EndProject
Project("{FAE04EC0-301F-11D3-BF4B-00C04F79EFBC}") = "EventSearch", "EventSearch\EventSearch.csproj", "{8BB0BA77-3AF3-4646-9B22-FE21A0CF4DF1}"
EndProject
Project("{FAE04EC0-301F-11D3-BF4B-00C04F79EFBC}") = "EventSearch.Tests", "EventSearch.Tests\EventSearch.Tests.csproj", "{FCC13D58-151C-40BE-AE63-837CD7547712}"
EndProject
Global
	GlobalSection(SolutionConfigurationPlatforms) = preSolution
		Debug|Any CPU = Debug|Any CPU
		Release|Any CPU = Release|Any CPU
	EndGlobalSection
	GlobalSection(ProjectConfigurationPlatforms) = postSolution
		{464FCF94-4D13-4124-A6AF-868BB1F938E4}.Debug|Any CPU.ActiveCfg = Debug|Any CPU
		{464FCF94-4D13-4124-A6AF-868BB1F938E4}.Debug|Any CPU.Build.0 = Debug|Any CPU
		{464FCF94-4D13-4124-A6AF-868BB1F938E4}.Release|Any CPU.ActiveCfg = Release|Any CPU
		{464FCF94-4D13-4124-A6AF-868BB1F938E4}.Release|Any CPU.Build.0 = Release|Any CPU
		{D32A2F70-FDF8-4417-8A18-1015AAFFC620}.Debug|Any CPU.ActiveCfg = Debug|Any CPU
		{D32A2F70-FDF8-4417-8A18-1015AAFFC620}.Debug|Any CPU.Build.0 = Debug|Any CPU
		{D32A2F70-FDF8-4417-8A18-1015AAFFC620}.Release|Any CPU.ActiveCfg = Release|Any CPU
		{D32A2F70-FDF8-4417-8A18-1015AAFFC620}.Release|Any CPU.Build.0 = Release|Any CPU
		{8BB0BA77-3AF3-4646-9B22-FE21A0CF4DF1}.Debug|Any CPU.ActiveCfg = Debug|Any CPU
		{8BB0BA77-3AF3-4646-9B22-FE21A0CF4DF1}.Debug|Any CPU.Build.0 = Debug|Any CPU
		{8BB0BA77-3AF3-4646-9B22-FE21A0CF4DF1}.Release|Any CPU.ActiveCfg = Release|Any CPU
		{8BB0BA77-3AF3-4646-9B22-FE21A0CF4DF1}.Release|Any CPU.Build.0 = Release|Any CPU
		{FCC13D58-151C-40BE-AE63-837CD7547712}.Debug|Any CPU.ActiveCfg = Debug|Any CPU
		{FCC13D58-151C-40BE-AE63-837CD7547712}.Debug|Any CPU.Build.0 = Debug|Any CPU
		{FCC13D58-151C-40BE-AE63-837CD7547712}.Release|Any CPU.ActiveCfg = Release|Any CPU
		{FCC13D58-151C-40BE-AE63-837CD7547712}.Release|Any CPU.Build.0 = Release|Any CPU
	EndGlobalSection
	GlobalSection(SolutionProperties) = preSolution
		HideSolutionNode = FALSE
	EndGlobalSection
EndGlobal
